
Microsoft Visual Studio Solution File, Format Version 12.00
# Visual Studio Version 17
VisualStudioVersion = 17.8.34309.116
MinimumVisualStudioVersion = 10.0.40219.1
Project("{FAE04EC0-301F-11D3-BF4B-00C04F79EFBC}") = "Oberfläche", "Oberfläche\Oberfläche.csproj", "{96365C0E-A706-4BEB-B566-14BE014BC8C6}"
EndProject
Global
	GlobalSection(SolutionConfigurationPlatforms) = preSolution
		Debug|Any CPU = Debug|Any CPU
		Release|Any CPU = Release|Any CPU
	EndGlobalSection
	GlobalSection(ProjectConfigurationPlatforms) = postSolution
		{96365C0E-A706-4BEB-B566-14BE014BC8C6}.Debug|Any CPU.ActiveCfg = Debug|Any CPU
		{96365C0E-A706-4BEB-B566-14BE014BC8C6}.Debug|Any CPU.Build.0 = Debug|Any CPU
		{96365C0E-A706-4BEB-B566-14BE014BC8C6}.Release|Any CPU.ActiveCfg = Release|Any CPU
		{96365C0E-A706-4BEB-B566-14BE014BC8C6}.Release|Any CPU.Build.0 = Release|Any CPU
	EndGlobalSection
	GlobalSection(SolutionProperties) = preSolution
		HideSolutionNode = FALSE
	EndGlobalSection
	GlobalSection(ExtensibilityGlobals) = postSolution
		SolutionGuid = {F5FB59E4-902B-4C42-907B-BB09100007BC}
	EndGlobalSection
EndGlobal
